
Microsoft Visual Studio Solution File, Format Version 12.00
# Visual Studio Version 17
VisualStudioVersion = 17.11.35219.272
MinimumVisualStudioVersion = 10.0.40219.1
Project("{FAE04EC0-301F-11D3-BF4B-00C04F79EFBC}") = "bai11", "bai11\bai11.csproj", "{DFF34E66-5DC8-410E-A574-D6A56AA222F1}"
EndProject
Global
	GlobalSection(SolutionConfigurationPlatforms) = preSolution
		Debug|Any CPU = Debug|Any CPU
		Release|Any CPU = Release|Any CPU
	EndGlobalSection
	GlobalSection(ProjectConfigurationPlatforms) = postSolution
		{DFF34E66-5DC8-410E-A574-D6A56AA222F1}.Debug|Any CPU.ActiveCfg = Debug|Any CPU
		{DFF34E66-5DC8-410E-A574-D6A56AA222F1}.Debug|Any CPU.Build.0 = Debug|Any CPU
		{DFF34E66-5DC8-410E-A574-D6A56AA222F1}.Release|Any CPU.ActiveCfg = Release|Any CPU
		{DFF34E66-5DC8-410E-A574-D6A56AA222F1}.Release|Any CPU.Build.0 = Release|Any CPU
	EndGlobalSection
	GlobalSection(SolutionProperties) = preSolution
		HideSolutionNode = FALSE
	EndGlobalSection
	GlobalSection(ExtensibilityGlobals) = postSolution
		SolutionGuid = {185A09D6-F96F-4E46-A480-51FF22BA534B}
	EndGlobalSection
EndGlobal
