
Microsoft Visual Studio Solution File, Format Version 12.00
# Visual Studio Version 17
VisualStudioVersion = 17.10.35004.147
MinimumVisualStudioVersion = 10.0.40219.1
Project("{FAE04EC0-301F-11D3-BF4B-00C04F79EFBC}") = "Bai5", "Bai5\Bai5.csproj", "{B9755905-ED00-49F3-B54B-C1BB4CBAECE6}"
EndProject
Global
	GlobalSection(SolutionConfigurationPlatforms) = preSolution
		Debug|Any CPU = Debug|Any CPU
		Release|Any CPU = Release|Any CPU
	EndGlobalSection
	GlobalSection(ProjectConfigurationPlatforms) = postSolution
		{B9755905-ED00-49F3-B54B-C1BB4CBAECE6}.Debug|Any CPU.ActiveCfg = Debug|Any CPU
		{B9755905-ED00-49F3-B54B-C1BB4CBAECE6}.Debug|Any CPU.Build.0 = Debug|Any CPU
		{B9755905-ED00-49F3-B54B-C1BB4CBAECE6}.Release|Any CPU.ActiveCfg = Release|Any CPU
		{B9755905-ED00-49F3-B54B-C1BB4CBAECE6}.Release|Any CPU.Build.0 = Release|Any CPU
	EndGlobalSection
	GlobalSection(SolutionProperties) = preSolution
		HideSolutionNode = FALSE
	EndGlobalSection
	GlobalSection(ExtensibilityGlobals) = postSolution
		SolutionGuid = {687B6FB9-15E0-4450-A839-ED285DDAB365}
	EndGlobalSection
EndGlobal
