
Microsoft Visual Studio Solution File, Format Version 12.00
# Visual Studio Version 17
VisualStudioVersion = 17.10.35004.147
MinimumVisualStudioVersion = 10.0.40219.1
Project("{FAE04EC0-301F-11D3-BF4B-00C04F79EFBC}") = "bai4", "bai4\bai4.csproj", "{8E16D6CC-FA84-4A01-9ADA-6AFE1E3D5401}"
EndProject
Global
	GlobalSection(SolutionConfigurationPlatforms) = preSolution
		Debug|Any CPU = Debug|Any CPU
		Release|Any CPU = Release|Any CPU
	EndGlobalSection
	GlobalSection(ProjectConfigurationPlatforms) = postSolution
		{8E16D6CC-FA84-4A01-9ADA-6AFE1E3D5401}.Debug|Any CPU.ActiveCfg = Debug|Any CPU
		{8E16D6CC-FA84-4A01-9ADA-6AFE1E3D5401}.Debug|Any CPU.Build.0 = Debug|Any CPU
		{8E16D6CC-FA84-4A01-9ADA-6AFE1E3D5401}.Release|Any CPU.ActiveCfg = Release|Any CPU
		{8E16D6CC-FA84-4A01-9ADA-6AFE1E3D5401}.Release|Any CPU.Build.0 = Release|Any CPU
	EndGlobalSection
	GlobalSection(SolutionProperties) = preSolution
		HideSolutionNode = FALSE
	EndGlobalSection
	GlobalSection(ExtensibilityGlobals) = postSolution
		SolutionGuid = {003B12DC-EE60-47A6-B65E-D5E934F9B3B4}
	EndGlobalSection
EndGlobal
