
Microsoft Visual Studio Solution File, Format Version 12.00
# Visual Studio Version 17
VisualStudioVersion = 17.11.35219.272
MinimumVisualStudioVersion = 10.0.40219.1
Project("{9A19103F-16F7-4668-BE54-9A1E7A4F7556}") = "bai23", "bai23\bai23.csproj", "{CA3A86EB-D2E5-438A-8C44-4243CAE8400F}"
EndProject
Project("{FAE04EC0-301F-11D3-BF4B-00C04F79EFBC}") = "Common", "Common\Common.csproj", "{60AB4985-22BE-4280-8376-1B09D1DD2019}"
EndProject
Project("{FAE04EC0-301F-11D3-BF4B-00C04F79EFBC}") = "Bussiness", "DataAccess\Bussiness.csproj", "{58C5DF86-19A5-4E20-BB4B-9DBB69496017}"
EndProject
Global
	GlobalSection(SolutionConfigurationPlatforms) = preSolution
		Debug|Any CPU = Debug|Any CPU
		Release|Any CPU = Release|Any CPU
	EndGlobalSection
	GlobalSection(ProjectConfigurationPlatforms) = postSolution
		{CA3A86EB-D2E5-438A-8C44-4243CAE8400F}.Debug|Any CPU.ActiveCfg = Debug|Any CPU
		{CA3A86EB-D2E5-438A-8C44-4243CAE8400F}.Debug|Any CPU.Build.0 = Debug|Any CPU
		{CA3A86EB-D2E5-438A-8C44-4243CAE8400F}.Release|Any CPU.ActiveCfg = Release|Any CPU
		{CA3A86EB-D2E5-438A-8C44-4243CAE8400F}.Release|Any CPU.Build.0 = Release|Any CPU
		{60AB4985-22BE-4280-8376-1B09D1DD2019}.Debug|Any CPU.ActiveCfg = Debug|Any CPU
		{60AB4985-22BE-4280-8376-1B09D1DD2019}.Debug|Any CPU.Build.0 = Debug|Any CPU
		{60AB4985-22BE-4280-8376-1B09D1DD2019}.Release|Any CPU.ActiveCfg = Release|Any CPU
		{60AB4985-22BE-4280-8376-1B09D1DD2019}.Release|Any CPU.Build.0 = Release|Any CPU
		{58C5DF86-19A5-4E20-BB4B-9DBB69496017}.Debug|Any CPU.ActiveCfg = Debug|Any CPU
		{58C5DF86-19A5-4E20-BB4B-9DBB69496017}.Debug|Any CPU.Build.0 = Debug|Any CPU
		{58C5DF86-19A5-4E20-BB4B-9DBB69496017}.Release|Any CPU.ActiveCfg = Release|Any CPU
		{58C5DF86-19A5-4E20-BB4B-9DBB69496017}.Release|Any CPU.Build.0 = Release|Any CPU
	EndGlobalSection
	GlobalSection(SolutionProperties) = preSolution
		HideSolutionNode = FALSE
	EndGlobalSection
	GlobalSection(ExtensibilityGlobals) = postSolution
		SolutionGuid = {FFA8A9E0-1503-440D-A189-810727727D7B}
	EndGlobalSection
EndGlobal
