
Microsoft Visual Studio Solution File, Format Version 12.00
# Visual Studio Version 17
VisualStudioVersion = 17.11.35219.272
MinimumVisualStudioVersion = 10.0.40219.1
Project("{9A19103F-16F7-4668-BE54-9A1E7A4F7556}") = "bai24", "bai24\bai24.csproj", "{F9357F21-480A-410E-AB31-E66F05EF36AD}"
EndProject
Project("{FAE04EC0-301F-11D3-BF4B-00C04F79EFBC}") = "Common", "Common\Common.csproj", "{F5BD372B-3EB1-4D3E-864F-645C288D944E}"
EndProject
Project("{FAE04EC0-301F-11D3-BF4B-00C04F79EFBC}") = "Bussiness", "Bussiness\Bussiness.csproj", "{0B3F738D-9D1A-4E03-9CDF-51A8EB4514BA}"
EndProject
Global
	GlobalSection(SolutionConfigurationPlatforms) = preSolution
		Debug|Any CPU = Debug|Any CPU
		Release|Any CPU = Release|Any CPU
	EndGlobalSection
	GlobalSection(ProjectConfigurationPlatforms) = postSolution
		{F9357F21-480A-410E-AB31-E66F05EF36AD}.Debug|Any CPU.ActiveCfg = Debug|Any CPU
		{F9357F21-480A-410E-AB31-E66F05EF36AD}.Debug|Any CPU.Build.0 = Debug|Any CPU
		{F9357F21-480A-410E-AB31-E66F05EF36AD}.Release|Any CPU.ActiveCfg = Release|Any CPU
		{F9357F21-480A-410E-AB31-E66F05EF36AD}.Release|Any CPU.Build.0 = Release|Any CPU
		{F5BD372B-3EB1-4D3E-864F-645C288D944E}.Debug|Any CPU.ActiveCfg = Debug|Any CPU
		{F5BD372B-3EB1-4D3E-864F-645C288D944E}.Debug|Any CPU.Build.0 = Debug|Any CPU
		{F5BD372B-3EB1-4D3E-864F-645C288D944E}.Release|Any CPU.ActiveCfg = Release|Any CPU
		{F5BD372B-3EB1-4D3E-864F-645C288D944E}.Release|Any CPU.Build.0 = Release|Any CPU
		{0B3F738D-9D1A-4E03-9CDF-51A8EB4514BA}.Debug|Any CPU.ActiveCfg = Debug|Any CPU
		{0B3F738D-9D1A-4E03-9CDF-51A8EB4514BA}.Debug|Any CPU.Build.0 = Debug|Any CPU
		{0B3F738D-9D1A-4E03-9CDF-51A8EB4514BA}.Release|Any CPU.ActiveCfg = Release|Any CPU
		{0B3F738D-9D1A-4E03-9CDF-51A8EB4514BA}.Release|Any CPU.Build.0 = Release|Any CPU
	EndGlobalSection
	GlobalSection(SolutionProperties) = preSolution
		HideSolutionNode = FALSE
	EndGlobalSection
	GlobalSection(ExtensibilityGlobals) = postSolution
		SolutionGuid = {E2616AEE-A796-45EA-A027-9B4ACE2A3F26}
	EndGlobalSection
EndGlobal
